
Microsoft Visual Studio Solution File, Format Version 12.00
# Visual Studio Version 16
VisualStudioVersion = 16.0.28803.156
MinimumVisualStudioVersion = 10.0.40219.1
Project("{9A19103F-16F7-4668-BE54-9A1E7A4F7556}") = "SIS.HTTP", "SIS.HTTP\SIS.HTTP.csproj", "{B0EFD95C-2CC9-4A0D-AC00-97D65BED98DF}"
EndProject
Project("{2150E333-8FDC-42A3-9474-1A3956D46DE8}") = "Apps", "Apps", "{47708129-C3E2-4FE2-8D79-454C78149925}"
EndProject
Project("{2150E333-8FDC-42A3-9474-1A3956D46DE8}") = "IRunes", "IRunes", "{975FA711-98C2-4CAD-8DED-A2FFFB965F9A}"
EndProject
Project("{9A19103F-16F7-4668-BE54-9A1E7A4F7556}") = "IRunes.App", "Apps\IRunes\IRunes.App\IRunes.App.csproj", "{D2D20C9C-66D9-495F-8AC5-D84EDF1DF2C3}"
EndProject
Project("{9A19103F-16F7-4668-BE54-9A1E7A4F7556}") = "IRunes.Data", "Apps\IRunes\IRunes.Data\IRunes.Data.csproj", "{4E01D909-FC34-4B6D-BABB-6F316FB17BA6}"
EndProject
Project("{9A19103F-16F7-4668-BE54-9A1E7A4F7556}") = "IRunes.Models", "Apps\IRunes\IRunes.Models\IRunes.Models.csproj", "{4BE9540E-CDFD-4C0A-868E-BD7C89E317B4}"
EndProject
Project("{9A19103F-16F7-4668-BE54-9A1E7A4F7556}") = "SIS.MvcFramework", "SIS.MvcFramework\SIS.MvcFramework.csproj", "{BD0B6E0E-6188-4B50-BB9E-6B2AD4C010A1}"
EndProject
Project("{9A19103F-16F7-4668-BE54-9A1E7A4F7556}") = "IRunes.Services", "IRunes.Services\IRunes.Services.csproj", "{41E52AD4-3F94-4CA6-8E77-C58BEF1193A4}"
EndProject
Project("{9A19103F-16F7-4668-BE54-9A1E7A4F7556}") = "SIS.MvcFramework.Tests", "SIS.MvcFramework.Tests\SIS.MvcFramework.Tests.csproj", "{E376595C-2B4F-48E1-BB60-E3B1DE2E855D}"
EndProject
Project("{FAE04EC0-301F-11D3-BF4B-00C04F79EFBC}") = "SIS.Common", "SIS.Common\SIS.Common.csproj", "{5567C94E-C90E-42ED-B38A-C1551280EE18}"
EndProject
Global
	GlobalSection(SolutionConfigurationPlatforms) = preSolution
		Debug|Any CPU = Debug|Any CPU
		Release|Any CPU = Release|Any CPU
	EndGlobalSection
	GlobalSection(ProjectConfigurationPlatforms) = postSolution
		{B0EFD95C-2CC9-4A0D-AC00-97D65BED98DF}.Debug|Any CPU.ActiveCfg = Debug|Any CPU
		{B0EFD95C-2CC9-4A0D-AC00-97D65BED98DF}.Debug|Any CPU.Build.0 = Debug|Any CPU
		{B0EFD95C-2CC9-4A0D-AC00-97D65BED98DF}.Release|Any CPU.ActiveCfg = Release|Any CPU
		{B0EFD95C-2CC9-4A0D-AC00-97D65BED98DF}.Release|Any CPU.Build.0 = Release|Any CPU
		{D2D20C9C-66D9-495F-8AC5-D84EDF1DF2C3}.Debug|Any CPU.ActiveCfg = Debug|Any CPU
		{D2D20C9C-66D9-495F-8AC5-D84EDF1DF2C3}.Debug|Any CPU.Build.0 = Debug|Any CPU
		{D2D20C9C-66D9-495F-8AC5-D84EDF1DF2C3}.Release|Any CPU.ActiveCfg = Release|Any CPU
		{D2D20C9C-66D9-495F-8AC5-D84EDF1DF2C3}.Release|Any CPU.Build.0 = Release|Any CPU
		{4E01D909-FC34-4B6D-BABB-6F316FB17BA6}.Debug|Any CPU.ActiveCfg = Debug|Any CPU
		{4E01D909-FC34-4B6D-BABB-6F316FB17BA6}.Debug|Any CPU.Build.0 = Debug|Any CPU
		{4E01D909-FC34-4B6D-BABB-6F316FB17BA6}.Release|Any CPU.ActiveCfg = Release|Any CPU
		{4E01D909-FC34-4B6D-BABB-6F316FB17BA6}.Release|Any CPU.Build.0 = Release|Any CPU
		{4BE9540E-CDFD-4C0A-868E-BD7C89E317B4}.Debug|Any CPU.ActiveCfg = Debug|Any CPU
		{4BE9540E-CDFD-4C0A-868E-BD7C89E317B4}.Debug|Any CPU.Build.0 = Debug|Any CPU
		{4BE9540E-CDFD-4C0A-868E-BD7C89E317B4}.Release|Any CPU.ActiveCfg = Release|Any CPU
		{4BE9540E-CDFD-4C0A-868E-BD7C89E317B4}.Release|Any CPU.Build.0 = Release|Any CPU
		{BD0B6E0E-6188-4B50-BB9E-6B2AD4C010A1}.Debug|Any CPU.ActiveCfg = Debug|Any CPU
		{BD0B6E0E-6188-4B50-BB9E-6B2AD4C010A1}.Debug|Any CPU.Build.0 = Debug|Any CPU
		{BD0B6E0E-6188-4B50-BB9E-6B2AD4C010A1}.Release|Any CPU.ActiveCfg = Release|Any CPU
		{BD0B6E0E-6188-4B50-BB9E-6B2AD4C010A1}.Release|Any CPU.Build.0 = Release|Any CPU
		{41E52AD4-3F94-4CA6-8E77-C58BEF1193A4}.Debug|Any CPU.ActiveCfg = Debug|Any CPU
		{41E52AD4-3F94-4CA6-8E77-C58BEF1193A4}.Debug|Any CPU.Build.0 = Debug|Any CPU
		{41E52AD4-3F94-4CA6-8E77-C58BEF1193A4}.Release|Any CPU.ActiveCfg = Release|Any CPU
		{41E52AD4-3F94-4CA6-8E77-C58BEF1193A4}.Release|Any CPU.Build.0 = Release|Any CPU
		{E376595C-2B4F-48E1-BB60-E3B1DE2E855D}.Debug|Any CPU.ActiveCfg = Debug|Any CPU
		{E376595C-2B4F-48E1-BB60-E3B1DE2E855D}.Debug|Any CPU.Build.0 = Debug|Any CPU
		{E376595C-2B4F-48E1-BB60-E3B1DE2E855D}.Release|Any CPU.ActiveCfg = Release|Any CPU
		{E376595C-2B4F-48E1-BB60-E3B1DE2E855D}.Release|Any CPU.Build.0 = Release|Any CPU
		{5567C94E-C90E-42ED-B38A-C1551280EE18}.Debug|Any CPU.ActiveCfg = Debug|Any CPU
		{5567C94E-C90E-42ED-B38A-C1551280EE18}.Debug|Any CPU.Build.0 = Debug|Any CPU
		{5567C94E-C90E-42ED-B38A-C1551280EE18}.Release|Any CPU.ActiveCfg = Release|Any CPU
		{5567C94E-C90E-42ED-B38A-C1551280EE18}.Release|Any CPU.Build.0 = Release|Any CPU
	EndGlobalSection
	GlobalSection(SolutionProperties) = preSolution
		HideSolutionNode = FALSE
	EndGlobalSection
	GlobalSection(NestedProjects) = preSolution
		{975FA711-98C2-4CAD-8DED-A2FFFB965F9A} = {47708129-C3E2-4FE2-8D79-454C78149925}
		{D2D20C9C-66D9-495F-8AC5-D84EDF1DF2C3} = {975FA711-98C2-4CAD-8DED-A2FFFB965F9A}
		{4E01D909-FC34-4B6D-BABB-6F316FB17BA6} = {975FA711-98C2-4CAD-8DED-A2FFFB965F9A}
		{4BE9540E-CDFD-4C0A-868E-BD7C89E317B4} = {975FA711-98C2-4CAD-8DED-A2FFFB965F9A}
		{41E52AD4-3F94-4CA6-8E77-C58BEF1193A4} = {975FA711-98C2-4CAD-8DED-A2FFFB965F9A}
	EndGlobalSection
	GlobalSection(ExtensibilityGlobals) = postSolution
		SolutionGuid = {95749778-C448-4913-B813-04C78D964222}
	EndGlobalSection
EndGlobal
